// !$*UTF8*$!
{
	archiveVersion = 1;
	classes = {
	};
	objectVersion = 50;
	objects = {

/* Begin PBXBuildFile section */
		584CED9C254FB7AA00DE046C /* AppDelegate.m in Sources */ = {isa = PBXBuildFile; fileRef = 584CED9B254FB7AA00DE046C /* AppDelegate.m */; };
		584CED9F254FB7AA00DE046C /* SceneDelegate.m in Sources */ = {isa = PBXBuildFile; fileRef = 584CED9E254FB7AA00DE046C /* SceneDelegate.m */; };
		584CEDA2254FB7AA00DE046C /* ViewController.m in Sources */ = {isa = PBXBuildFile; fileRef = 584CEDA1254FB7AA00DE046C /* ViewController.m */; };
		584CEDA5254FB7AA00DE046C /* Main.storyboard in Resources */ = {isa = PBXBuildFile; fileRef = 584CEDA3254FB7AA00DE046C /* Main.storyboard */; };
		584CEDA7254FB7AB00DE046C /* Assets.xcassets in Resources */ = {isa = PBXBuildFile; fileRef = 584CEDA6254FB7AB00DE046C /* Assets.xcassets */; };
		584CEDAA254FB7AB00DE046C /* LaunchScreen.storyboard in Resources */ = {isa = PBXBuildFile; fileRef = 584CEDA8254FB7AB00DE046C /* LaunchScreen.storyboard */; };
		584CEDAD254FB7AB00DE046C /* main.m in Sources */ = {isa = PBXBuildFile; fileRef = 584CEDAC254FB7AB00DE046C /* main.m */; };
		584CEDB7254FB7AC00DE046C /* TTTableIndexViewDemoTests.m in Sources */ = {isa = PBXBuildFile; fileRef = 584CEDB6254FB7AC00DE046C /* TTTableIndexViewDemoTests.m */; };
		584CEDC2254FB7AC00DE046C /* TTTableIndexViewDemoUITests.m in Sources */ = {isa = PBXBuildFile; fileRef = 584CEDC1254FB7AC00DE046C /* TTTableIndexViewDemoUITests.m */; };
		584CEDE0254FB89D00DE046C /* SectionIndexViewManager.m in Sources */ = {isa = PBXBuildFile; fileRef = 584CEDD3254FB89D00DE046C /* SectionIndexViewManager.m */; };
		584CEDE1254FB89D00DE046C /* SectionIndexViewConfiguration.m in Sources */ = {isa = PBXBuildFile; fileRef = 584CEDD7254FB89D00DE046C /* SectionIndexViewConfiguration.m */; };
		584CEDE2254FB89D00DE046C /* UITableView+TableViewSectionIndexView.m in Sources */ = {isa = PBXBuildFile; fileRef = 584CEDD8254FB89D00DE046C /* UITableView+TableViewSectionIndexView.m */; };
		584CEDE3254FB89D00DE046C /* SectionIndexViewItemView.m in Sources */ = {isa = PBXBuildFile; fileRef = 584CEDD9254FB89D00DE046C /* SectionIndexViewItemView.m */; };
		584CEDE4254FB89D00DE046C /* SectionIndexViewItemIndicator.m in Sources */ = {isa = PBXBuildFile; fileRef = 584CEDDD254FB89D00DE046C /* SectionIndexViewItemIndicator.m */; };
		584CEDE5254FB89D00DE046C /* SectionIndexView.m in Sources */ = {isa = PBXBuildFile; fileRef = 584CEDDE254FB89D00DE046C /* SectionIndexView.m */; };
		584CEDEC254FB8AE00DE046C /* data.json in Resources */ = {isa = PBXBuildFile; fileRef = 584CEDE9254FB8AE00DE046C /* data.json */; };
		584CEDED254FB8AE00DE046C /* Person.m in Sources */ = {isa = PBXBuildFile; fileRef = 584CEDEB254FB8AE00DE046C /* Person.m */; };
/* End PBXBuildFile section */

/* Begin PBXContainerItemProxy section */
		584CEDB3254FB7AC00DE046C /* PBXContainerItemProxy */ = {
			isa = PBXContainerItemProxy;
			containerPortal = 584CED8F254FB7AA00DE046C /* Project object */;
			proxyType = 1;
			remoteGlobalIDString = 584CED96254FB7AA00DE046C;
			remoteInfo = TTTableIndexViewDemo;
		};
		584CEDBE254FB7AC00DE046C /* PBXContainerItemProxy */ = {
			isa = PBXContainerItemProxy;
			containerPortal = 584CED8F254FB7AA00DE046C /* Project object */;
			proxyType = 1;
			remoteGlobalIDString = 584CED96254FB7AA00DE046C;
			remoteInfo = TTTableIndexViewDemo;
		};
/* End PBXContainerItemProxy section */

/* Begin PBXFileReference section */
		584CED97254FB7AA00DE046C /* TTTableIndexViewDemo.app */ = {isa = PBXFileReference; explicitFileType = wrapper.application; includeInIndex = 0; path = TTTableIndexViewDemo.app; sourceTree = BUILT_PRODUCTS_DIR; };
		584CED9A254FB7AA00DE046C /* AppDelegate.h */ = {isa = PBXFileReference; lastKnownFileType = sourcecode.c.h; path = AppDelegate.h; sourceTree = "<group>"; };
		584CED9B254FB7AA00DE046C /* AppDelegate.m */ = {isa = PBXFileReference; lastKnownFileType = sourcecode.c.objc; path = AppDelegate.m; sourceTree = "<group>"; };
		584CED9D254FB7AA00DE046C /* SceneDelegate.h */ = {isa = PBXFileReference; lastKnownFileType = sourcecode.c.h; path = SceneDelegate.h; sourceTree = "<group>"; };
		584CED9E254FB7AA00DE046C /* SceneDelegate.m */ = {isa = PBXFileReference; lastKnownFileType = sourcecode.c.objc; path = SceneDelegate.m; sourceTree = "<group>"; };
		584CEDA0254FB7AA00DE046C /* ViewController.h */ = {isa = PBXFileReference; lastKnownFileType = sourcecode.c.h; path = ViewController.h; sourceTree = "<group>"; };
		584CEDA1254FB7AA00DE046C /* ViewController.m */ = {isa = PBXFileReference; lastKnownFileType = sourcecode.c.objc; path = ViewController.m; sourceTree = "<group>"; };
		584CEDA4254FB7AA00DE046C /* Base */ = {isa = PBXFileReference; lastKnownFileType = file.storyboard; name = Base; path = Base.lproj/Main.storyboard; sourceTree = "<group>"; };
		584CEDA6254FB7AB00DE046C /* Assets.xcassets */ = {isa = PBXFileReference; lastKnownFileType = folder.assetcatalog; path = Assets.xcassets; sourceTree = "<group>"; };
		584CEDA9254FB7AB00DE046C /* Base */ = {isa = PBXFileReference; lastKnownFileType = file.storyboard; name = Base; path = Base.lproj/LaunchScreen.storyboard; sourceTree = "<group>"; };
		584CEDAB254FB7AB00DE046C /* Info.plist */ = {isa = PBXFileReference; lastKnownFileType = text.plist.xml; path = Info.plist; sourceTree = "<group>"; };
		584CEDAC254FB7AB00DE046C /* main.m */ = {isa = PBXFileReference; lastKnownFileType = sourcecode.c.objc; path = main.m; sourceTree = "<group>"; };
		584CEDB2254FB7AC00DE046C /* TTTableIndexViewDemoTests.xctest */ = {isa = PBXFileReference; explicitFileType = wrapper.cfbundle; includeInIndex = 0; path = TTTableIndexViewDemoTests.xctest; sourceTree = BUILT_PRODUCTS_DIR; };
		584CEDB6254FB7AC00DE046C /* TTTableIndexViewDemoTests.m */ = {isa = PBXFileReference; lastKnownFileType = sourcecode.c.objc; path = TTTableIndexViewDemoTests.m; sourceTree = "<group>"; };
		584CEDB8254FB7AC00DE046C /* Info.plist */ = {isa = PBXFileReference; lastKnownFileType = text.plist.xml; path = Info.plist; sourceTree = "<group>"; };
		584CEDBD254FB7AC00DE046C /* TTTableIndexViewDemoUITests.xctest */ = {isa = PBXFileReference; explicitFileType = wrapper.cfbundle; includeInIndex = 0; path = TTTableIndexViewDemoUITests.xctest; sourceTree = BUILT_PRODUCTS_DIR; };
		584CEDC1254FB7AC00DE046C /* TTTableIndexViewDemoUITests.m */ = {isa = PBXFileReference; lastKnownFileType = sourcecode.c.objc; path = TTTableIndexViewDemoUITests.m; sourceTree = "<group>"; };
		584CEDC3254FB7AC00DE046C /* Info.plist */ = {isa = PBXFileReference; lastKnownFileType = text.plist.xml; path = Info.plist; sourceTree = "<group>"; };
		584CEDD3254FB89D00DE046C /* SectionIndexViewManager.m */ = {isa = PBXFileReference; fileEncoding = 4; lastKnownFileType = sourcecode.c.objc; path = SectionIndexViewManager.m; sourceTree = "<group>"; };
		584CEDD4254FB89D00DE046C /* SectionIndexViewItemView.h */ = {isa = PBXFileReference; fileEncoding = 4; lastKnownFileType = sourcecode.c.h; path = SectionIndexViewItemView.h; sourceTree = "<group>"; };
		584CEDD5254FB89D00DE046C /* SectionIndexView.h */ = {isa = PBXFileReference; fileEncoding = 4; lastKnownFileType = sourcecode.c.h; path = SectionIndexView.h; sourceTree = "<group>"; };
		584CEDD6254FB89D00DE046C /* SectionIndexViewItemIndicator.h */ = {isa = PBXFileReference; fileEncoding = 4; lastKnownFileType = sourcecode.c.h; path = SectionIndexViewItemIndicator.h; sourceTree = "<group>"; };
		584CEDD7254FB89D00DE046C /* SectionIndexViewConfiguration.m */ = {isa = PBXFileReference; fileEncoding = 4; lastKnownFileType = sourcecode.c.objc; path = SectionIndexViewConfiguration.m; sourceTree = "<group>"; };
		584CEDD8254FB89D00DE046C /* UITableView+TableViewSectionIndexView.m */ = {isa = PBXFileReference; fileEncoding = 4; lastKnownFileType = sourcecode.c.objc; path = "UITableView+TableViewSectionIndexView.m"; sourceTree = "<group>"; };
		584CEDD9254FB89D00DE046C /* SectionIndexViewItemView.m */ = {isa = PBXFileReference; fileEncoding = 4; lastKnownFileType = sourcecode.c.objc; path = SectionIndexViewItemView.m; sourceTree = "<group>"; };
		584CEDDA254FB89D00DE046C /* SectionIndexViewManager.h */ = {isa = PBXFileReference; fileEncoding = 4; lastKnownFileType = sourcecode.c.h; path = SectionIndexViewManager.h; sourceTree = "<group>"; };
		584CEDDB254FB89D00DE046C /* SectionIndex.h */ = {isa = PBXFileReference; fileEncoding = 4; lastKnownFileType = sourcecode.c.h; path = SectionIndex.h; sourceTree = "<group>"; };
		584CEDDC254FB89D00DE046C /* SectionIndexViewConfiguration.h */ = {isa = PBXFileReference; fileEncoding = 4; lastKnownFileType = sourcecode.c.h; path = SectionIndexViewConfiguration.h; sourceTree = "<group>"; };
		584CEDDD254FB89D00DE046C /* SectionIndexViewItemIndicator.m */ = {isa = PBXFileReference; fileEncoding = 4; lastKnownFileType = sourcecode.c.objc; path = SectionIndexViewItemIndicator.m; sourceTree = "<group>"; };
		584CEDDE254FB89D00DE046C /* SectionIndexView.m */ = {isa = PBXFileReference; fileEncoding = 4; lastKnownFileType = sourcecode.c.objc; path = SectionIndexView.m; sourceTree = "<group>"; };
		584CEDDF254FB89D00DE046C /* UITableView+TableViewSectionIndexView.h */ = {isa = PBXFileReference; fileEncoding = 4; lastKnownFileType = sourcecode.c.h; path = "UITableView+TableViewSectionIndexView.h"; sourceTree = "<group>"; };
		584CEDE9254FB8AE00DE046C /* data.json */ = {isa = PBXFileReference; fileEncoding = 4; lastKnownFileType = text.json; path = data.json; sourceTree = "<group>"; };
		584CEDEA254FB8AE00DE046C /* Person.h */ = {isa = PBXFileReference; fileEncoding = 4; lastKnownFileType = sourcecode.c.h; path = Person.h; sourceTree = "<group>"; };
		584CEDEB254FB8AE00DE046C /* Person.m */ = {isa = PBXFileReference; fileEncoding = 4; lastKnownFileType = sourcecode.c.objc; path = Person.m; sourceTree = "<group>"; };
/* End PBXFileReference section */

/* Begin PBXFrameworksBuildPhase section */
		584CED94254FB7AA00DE046C /* Frameworks */ = {
			isa = PBXFrameworksBuildPhase;
			buildActionMask = 2147483647;
			files = (
			);
			runOnlyForDeploymentPostprocessing = 0;
		};
		584CEDAF254FB7AC00DE046C /* Frameworks */ = {
			isa = PBXFrameworksBuildPhase;
			buildActionMask = 2147483647;
			files = (
			);
			runOnlyForDeploymentPostprocessing = 0;
		};
		584CEDBA254FB7AC00DE046C /* Frameworks */ = {
			isa = PBXFrameworksBuildPhase;
			buildActionMask = 2147483647;
			files = (
			);
			runOnlyForDeploymentPostprocessing = 0;
		};
/* End PBXFrameworksBuildPhase section */

/* Begin PBXGroup section */
		584CED8E254FB7AA00DE046C = {
			isa = PBXGroup;
			children = (
				584CED99254FB7AA00DE046C /* TTTableIndexViewDemo */,
				584CEDB5254FB7AC00DE046C /* TTTableIndexViewDemoTests */,
				584CEDC0254FB7AC00DE046C /* TTTableIndexViewDemoUITests */,
				584CED98254FB7AA00DE046C /* Products */,
			);
			sourceTree = "<group>";
		};
		584CED98254FB7AA00DE046C /* Products */ = {
			isa = PBXGroup;
			children = (
				584CED97254FB7AA00DE046C /* TTTableIndexViewDemo.app */,
				584CEDB2254FB7AC00DE046C /* TTTableIndexViewDemoTests.xctest */,
				584CEDBD254FB7AC00DE046C /* TTTableIndexViewDemoUITests.xctest */,
			);
			name = Products;
			sourceTree = "<group>";
		};
		584CED99254FB7AA00DE046C /* TTTableIndexViewDemo */ = {
			isa = PBXGroup;
			children = (
				584CEDE9254FB8AE00DE046C /* data.json */,
				584CEDEA254FB8AE00DE046C /* Person.h */,
				584CEDEB254FB8AE00DE046C /* Person.m */,
				584CEDD2254FB89D00DE046C /* TableViewSectionIndexView */,
				584CED9A254FB7AA00DE046C /* AppDelegate.h */,
				584CED9B254FB7AA00DE046C /* AppDelegate.m */,
				584CED9D254FB7AA00DE046C /* SceneDelegate.h */,
				584CED9E254FB7AA00DE046C /* SceneDelegate.m */,
				584CEDA0254FB7AA00DE046C /* ViewController.h */,
				584CEDA1254FB7AA00DE046C /* ViewController.m */,
				584CEDA3254FB7AA00DE046C /* Main.storyboard */,
				584CEDA6254FB7AB00DE046C /* Assets.xcassets */,
				584CEDA8254FB7AB00DE046C /* LaunchScreen.storyboard */,
				584CEDAB254FB7AB00DE046C /* Info.plist */,
				584CEDAC254FB7AB00DE046C /* main.m */,
			);
			path = TTTableIndexViewDemo;
			sourceTree = "<group>";
		};
		584CEDB5254FB7AC00DE046C /* TTTableIndexViewDemoTests */ = {
			isa = PBXGroup;
			children = (
				584CEDB6254FB7AC00DE046C /* TTTableIndexViewDemoTests.m */,
				584CEDB8254FB7AC00DE046C /* Info.plist */,
			);
			path = TTTableIndexViewDemoTests;
			sourceTree = "<group>";
		};
		584CEDC0254FB7AC00DE046C /* TTTableIndexViewDemoUITests */ = {
			isa = PBXGroup;
			children = (
				584CEDC1254FB7AC00DE046C /* TTTableIndexViewDemoUITests.m */,
				584CEDC3254FB7AC00DE046C /* Info.plist */,
			);
			path = TTTableIndexViewDemoUITests;
			sourceTree = "<group>";
		};
		584CEDD2254FB89D00DE046C /* TableViewSectionIndexView */ = {
			isa = PBXGroup;
			children = (
				584CEDD3254FB89D00DE046C /* SectionIndexViewManager.m */,
				584CEDD4254FB89D00DE046C /* SectionIndexViewItemView.h */,
				584CEDD5254FB89D00DE046C /* SectionIndexView.h */,
				584CEDD6254FB89D00DE046C /* SectionIndexViewItemIndicator.h */,
				584CEDD7254FB89D00DE046C /* SectionIndexViewConfiguration.m */,
				584CEDD8254FB89D00DE046C /* UITableView+TableViewSectionIndexView.m */,
				584CEDD9254FB89D00DE046C /* SectionIndexViewItemView.m */,
				584CEDDA254FB89D00DE046C /* SectionIndexViewManager.h */,
				584CEDDB254FB89D00DE046C /* SectionIndex.h */,
				584CEDDC254FB89D00DE046C /* SectionIndexViewConfiguration.h */,
				584CEDDD254FB89D00DE046C /* SectionIndexViewItemIndicator.m */,
				584CEDDE254FB89D00DE046C /* SectionIndexView.m */,
				584CEDDF254FB89D00DE046C /* UITableView+TableViewSectionIndexView.h */,
			);
			path = TableViewSectionIndexView;
			sourceTree = SOURCE_ROOT;
		};
/* End PBXGroup section */

/* Begin PBXNativeTarget section */
		584CED96254FB7AA00DE046C /* TTTableIndexViewDemo */ = {
			isa = PBXNativeTarget;
			buildConfigurationList = 584CEDC6254FB7AC00DE046C /* Build configuration list for PBXNativeTarget "TTTableIndexViewDemo" */;
			buildPhases = (
				584CED93254FB7AA00DE046C /* Sources */,
				584CED94254FB7AA00DE046C /* Frameworks */,
				584CED95254FB7AA00DE046C /* Resources */,
			);
			buildRules = (
			);
			dependencies = (
			);
			name = TTTableIndexViewDemo;
			productName = TTTableIndexViewDemo;
			productReference = 584CED97254FB7AA00DE046C /* TTTableIndexViewDemo.app */;
			productType = "com.apple.product-type.application";
		};
		584CEDB1254FB7AC00DE046C /* TTTableIndexViewDemoTests */ = {
			isa = PBXNativeTarget;
			buildConfigurationList = 584CEDC9254FB7AC00DE046C /* Build configuration list for PBXNativeTarget "TTTableIndexViewDemoTests" */;
			buildPhases = (
				584CEDAE254FB7AC00DE046C /* Sources */,
				584CEDAF254FB7AC00DE046C /* Frameworks */,
				584CEDB0254FB7AC00DE046C /* Resources */,
			);
			buildRules = (
			);
			dependencies = (
				584CEDB4254FB7AC00DE046C /* PBXTargetDependency */,
			);
			name = TTTableIndexViewDemoTests;
			productName = TTTableIndexViewDemoTests;
			productReference = 584CEDB2254FB7AC00DE046C /* TTTableIndexViewDemoTests.xctest */;
			productType = "com.apple.product-type.bundle.unit-test";
		};
		584CEDBC254FB7AC00DE046C /* TTTableIndexViewDemoUITests */ = {
			isa = PBXNativeTarget;
			buildConfigurationList = 584CEDCC254FB7AC00DE046C /* Build configuration list for PBXNativeTarget "TTTableIndexViewDemoUITests" */;
			buildPhases = (
				584CEDB9254FB7AC00DE046C /* Sources */,
				584CEDBA254FB7AC00DE046C /* Frameworks */,
				584CEDBB254FB7AC00DE046C /* Resources */,
			);
			buildRules = (
			);
			dependencies = (
				584CEDBF254FB7AC00DE046C /* PBXTargetDependency */,
			);
			name = TTTableIndexViewDemoUITests;
			productName = TTTableIndexViewDemoUITests;
			productReference = 584CEDBD254FB7AC00DE046C /* TTTableIndexViewDemoUITests.xctest */;
			productType = "com.apple.product-type.bundle.ui-testing";
		};
/* End PBXNativeTarget section */

/* Begin PBXProject section */
		584CED8F254FB7AA00DE046C /* Project object */ = {
			isa = PBXProject;
			attributes = {
				LastUpgradeCheck = 1210;
				TargetAttributes = {
					584CED96254FB7AA00DE046C = {
						CreatedOnToolsVersion = 12.1;
					};
					584CEDB1254FB7AC00DE046C = {
						CreatedOnToolsVersion = 12.1;
						TestTargetID = 584CED96254FB7AA00DE046C;
					};
					584CEDBC254FB7AC00DE046C = {
						CreatedOnToolsVersion = 12.1;
						TestTargetID = 584CED96254FB7AA00DE046C;
					};
				};
			};
			buildConfigurationList = 584CED92254FB7AA00DE046C /* Build configuration list for PBXProject "TTTableIndexViewDemo" */;
			compatibilityVersion = "Xcode 9.3";
			developmentRegion = en;
			hasScannedForEncodings = 0;
			knownRegions = (
				en,
				Base,
			);
			mainGroup = 584CED8E254FB7AA00DE046C;
			productRefGroup = 584CED98254FB7AA00DE046C /* Products */;
			projectDirPath = "";
			projectRoot = "";
			targets = (
				584CED96254FB7AA00DE046C /* TTTableIndexViewDemo */,
				584CEDB1254FB7AC00DE046C /* TTTableIndexViewDemoTests */,
				584CEDBC254FB7AC00DE046C /* TTTableIndexViewDemoUITests */,
			);
		};
/* End PBXProject section */

/* Begin PBXResourcesBuildPhase section */
		584CED95254FB7AA00DE046C /* Resources */ = {
			isa = PBXResourcesBuildPhase;
			buildActionMask = 2147483647;
			files = (
				584CEDAA254FB7AB00DE046C /* LaunchScreen.storyboard in Resources */,
				584CEDA7254FB7AB00DE046C /* Assets.xcassets in Resources */,
				584CEDA5254FB7AA00DE046C /* Main.storyboard in Resources */,
				584CEDEC254FB8AE00DE046C /* data.json in Resources */,
			);
			runOnlyForDeploymentPostprocessing = 0;
		};
		584CEDB0254FB7AC00DE046C /* Resources */ = {
			isa = PBXResourcesBuildPhase;
			buildActionMask = 2147483647;
			files = (
			);
			runOnlyForDeploymentPostprocessing = 0;
		};
		584CEDBB254FB7AC00DE046C /* Resources */ = {
			isa = PBXResourcesBuildPhase;
			buildActionMask = 2147483647;
			files = (
			);
			runOnlyForDeploymentPostprocessing = 0;
		};
/* End PBXResourcesBuildPhase section */

/* Begin PBXSourcesBuildPhase section */
		584CED93254FB7AA00DE046C /* Sources */ = {
			isa = PBXSourcesBuildPhase;
			buildActionMask = 2147483647;
			files = (
				584CEDA2254FB7AA00DE046C /* ViewController.m in Sources */,
				584CEDE0254FB89D00DE046C /* SectionIndexViewManager.m in Sources */,
				584CEDED254FB8AE00DE046C /* Person.m in Sources */,
				584CEDE2254FB89D00DE046C /* UITableView+TableViewSectionIndexView.m in Sources */,
				584CEDE1254FB89D00DE046C /* SectionIndexViewConfiguration.m in Sources */,
				584CED9C254FB7AA00DE046C /* AppDelegate.m in Sources */,
				584CEDE5254FB89D00DE046C /* SectionIndexView.m in Sources */,
				584CEDE4254FB89D00DE046C /* SectionIndexViewItemIndicator.m in Sources */,
				584CEDAD254FB7AB00DE046C /* main.m in Sources */,
				584CED9F254FB7AA00DE046C /* SceneDelegate.m in Sources */,
				584CEDE3254FB89D00DE046C /* SectionIndexViewItemView.m in Sources */,
			);
			runOnlyForDeploymentPostprocessing = 0;
		};
		584CEDAE254FB7AC00DE046C /* Sources */ = {
			isa = PBXSourcesBuildPhase;
			buildActionMask = 2147483647;
			files = (
				584CEDB7254FB7AC00DE046C /* TTTableIndexViewDemoTests.m in Sources */,
			);
			runOnlyForDeploymentPostprocessing = 0;
		};
		584CEDB9254FB7AC00DE046C /* Sources */ = {
			isa = PBXSourcesBuildPhase;
			buildActionMask = 2147483647;
			files = (
				584CEDC2254FB7AC00DE046C /* TTTableIndexViewDemoUITests.m in Sources */,
			);
			runOnlyForDeploymentPostprocessing = 0;
		};
/* End PBXSourcesBuildPhase section */

/* Begin PBXTargetDependency section */
		584CEDB4254FB7AC00DE046C /* PBXTargetDependency */ = {
			isa = PBXTargetDependency;
			target = 584CED96254FB7AA00DE046C /* TTTableIndexViewDemo */;
			targetProxy = 584CEDB3254FB7AC00DE046C /* PBXContainerItemProxy */;
		};
		584CEDBF254FB7AC00DE046C /* PBXTargetDependency */ = {
			isa = PBXTargetDependency;
			target = 584CED96254FB7AA00DE046C /* TTTableIndexViewDemo */;
			targetProxy = 584CEDBE254FB7AC00DE046C /* PBXContainerItemProxy */;
		};
/* End PBXTargetDependency section */

/* Begin PBXVariantGroup section */
		584CEDA3254FB7AA00DE046C /* Main.storyboard */ = {
			isa = PBXVariantGroup;
			children = (
				584CEDA4254FB7AA00DE046C /* Base */,
			);
			name = Main.storyboard;
			sourceTree = "<group>";
		};
		584CEDA8254FB7AB00DE046C /* LaunchScreen.storyboard */ = {
			isa = PBXVariantGroup;
			children = (
				584CEDA9254FB7AB00DE046C /* Base */,
			);
			name = LaunchScreen.storyboard;
			sourceTree = "<group>";
		};
/* End PBXVariantGroup section */

/* Begin XCBuildConfiguration section */
		584CEDC4254FB7AC00DE046C /* Debug */ = {
			isa = XCBuildConfiguration;
			buildSettings = {
				ALWAYS_SEARCH_USER_PATHS = NO;
				CLANG_ANALYZER_NONNULL = YES;
				CLANG_ANALYZER_NUMBER_OBJECT_CONVERSION = YES_AGGRESSIVE;
				CLANG_CXX_LANGUAGE_STANDARD = "gnu++14";
				CLANG_CXX_LIBRARY = "libc++";
				CLANG_ENABLE_MODULES = YES;
				CLANG_ENABLE_OBJC_ARC = YES;
				CLANG_ENABLE_OBJC_WEAK = YES;
				CLANG_WARN_BLOCK_CAPTURE_AUTORELEASING = YES;
				CLANG_WARN_BOOL_CONVERSION = YES;
				CLANG_WARN_COMMA = YES;
				CLANG_WARN_CONSTANT_CONVERSION = YES;
				CLANG_WARN_DEPRECATED_OBJC_IMPLEMENTATIONS = YES;
				CLANG_WARN_DIRECT_OBJC_ISA_USAGE = YES_ERROR;
				CLANG_WARN_DOCUMENTATION_COMMENTS = YES;
				CLANG_WARN_EMPTY_BODY = YES;
				CLANG_WARN_ENUM_CONVERSION = YES;
				CLANG_WARN_INFINITE_RECURSION = YES;
				CLANG_WARN_INT_CONVERSION = YES;
				CLANG_WARN_NON_LITERAL_NULL_CONVERSION = YES;
				CLANG_WARN_OBJC_IMPLICIT_RETAIN_SELF = YES;
				CLANG_WARN_OBJC_LITERAL_CONVERSION = YES;
				CLANG_WARN_OBJC_ROOT_CLASS = YES_ERROR;
				CLANG_WARN_QUOTED_INCLUDE_IN_FRAMEWORK_HEADER = YES;
				CLANG_WARN_RANGE_LOOP_ANALYSIS = YES;
				CLANG_WARN_STRICT_PROTOTYPES = YES;
				CLANG_WARN_SUSPICIOUS_MOVE = YES;
				CLANG_WARN_UNGUARDED_AVAILABILITY = YES_AGGRESSIVE;
				CLANG_WARN_UNREACHABLE_CODE = YES;
				CLANG_WARN__DUPLICATE_METHOD_MATCH = YES;
				COPY_PHASE_STRIP = NO;
				DEBUG_INFORMATION_FORMAT = dwarf;
				ENABLE_STRICT_OBJC_MSGSEND = YES;
				ENABLE_TESTABILITY = YES;
				GCC_C_LANGUAGE_STANDARD = gnu11;
				GCC_DYNAMIC_NO_PIC = NO;
				GCC_NO_COMMON_BLOCKS = YES;
				GCC_OPTIMIZATION_LEVEL = 0;
				GCC_PREPROCESSOR_DEFINITIONS = (
					"DEBUG=1",
					"$(inherited)",
				);
				GCC_WARN_64_TO_32_BIT_CONVERSION = YES;
				GCC_WARN_ABOUT_RETURN_TYPE = YES_ERROR;
				GCC_WARN_UNDECLARED_SELECTOR = YES;
				GCC_WARN_UNINITIALIZED_AUTOS = YES_AGGRESSIVE;
				GCC_WARN_UNUSED_FUNCTION = YES;
				GCC_WARN_UNUSED_VARIABLE = YES;
				IPHONEOS_DEPLOYMENT_TARGET = 11.0;
				MTL_ENABLE_DEBUG_INFO = INCLUDE_SOURCE;
				MTL_FAST_MATH = YES;
				ONLY_ACTIVE_ARCH = YES;
				SDKROOT = iphoneos;
			};
			name = Debug;
		};
		584CEDC5254FB7AC00DE046C /* Release */ = {
			isa = XCBuildConfiguration;
			buildSettings = {
				ALWAYS_SEARCH_USER_PATHS = NO;
				CLANG_ANALYZER_NONNULL = YES;
				CLANG_ANALYZER_NUMBER_OBJECT_CONVERSION = YES_AGGRESSIVE;
				CLANG_CXX_LANGUAGE_STANDARD = "gnu++14";
				CLANG_CXX_LIBRARY = "libc++";
				CLANG_ENABLE_MODULES = YES;
				CLANG_ENABLE_OBJC_ARC = YES;
				CLANG_ENABLE_OBJC_WEAK = YES;
				CLANG_WARN_BLOCK_CAPTURE_AUTORELEASING = YES;
				CLANG_WARN_BOOL_CONVERSION = YES;
				CLANG_WARN_COMMA = YES;
				CLANG_WARN_CONSTANT_CONVERSION = YES;
				CLANG_WARN_DEPRECATED_OBJC_IMPLEMENTATIONS = YES;
				CLANG_WARN_DIRECT_OBJC_ISA_USAGE = YES_ERROR;
				CLANG_WARN_DOCUMENTATION_COMMENTS = YES;
				CLANG_WARN_EMPTY_BODY = YES;
				CLANG_WARN_ENUM_CONVERSION = YES;
				CLANG_WARN_INFINITE_RECURSION = YES;
				CLANG_WARN_INT_CONVERSION = YES;
				CLANG_WARN_NON_LITERAL_NULL_CONVERSION = YES;
				CLANG_WARN_OBJC_IMPLICIT_RETAIN_SELF = YES;
				CLANG_WARN_OBJC_LITERAL_CONVERSION = YES;
				CLANG_WARN_OBJC_ROOT_CLASS = YES_ERROR;
				CLANG_WARN_QUOTED_INCLUDE_IN_FRAMEWORK_HEADER = YES;
				CLANG_WARN_RANGE_LOOP_ANALYSIS = YES;
				CLANG_WARN_STRICT_PROTOTYPES = YES;
				CLANG_WARN_SUSPICIOUS_MOVE = YES;
				CLANG_WARN_UNGUARDED_AVAILABILITY = YES_AGGRESSIVE;
				CLANG_WARN_UNREACHABLE_CODE = YES;
				CLANG_WARN__DUPLICATE_METHOD_MATCH = YES;
				COPY_PHASE_STRIP = NO;
				DEBUG_INFORMATION_FORMAT = "dwarf-with-dsym";
				ENABLE_NS_ASSERTIONS = NO;
				ENABLE_STRICT_OBJC_MSGSEND = YES;
				GCC_C_LANGUAGE_STANDARD = gnu11;
				GCC_NO_COMMON_BLOCKS = YES;
				GCC_WARN_64_TO_32_BIT_CONVERSION = YES;
				GCC_WARN_ABOUT_RETURN_TYPE = YES_ERROR;
				GCC_WARN_UNDECLARED_SELECTOR = YES;
				GCC_WARN_UNINITIALIZED_AUTOS = YES_AGGRESSIVE;
				GCC_WARN_UNUSED_FUNCTION = YES;
				GCC_WARN_UNUSED_VARIABLE = YES;
				IPHONEOS_DEPLOYMENT_TARGET = 11.0;
				MTL_ENABLE_DEBUG_INFO = NO;
				MTL_FAST_MATH = YES;
				SDKROOT = iphoneos;
				VALIDATE_PRODUCT = YES;
			};
			name = Release;
		};
		584CEDC7254FB7AC00DE046C /* Debug */ = {
			isa = XCBuildConfiguration;
			buildSettings = {
				ASSETCATALOG_COMPILER_APPICON_NAME = AppIcon;
				ASSETCATALOG_COMPILER_GLOBAL_ACCENT_COLOR_NAME = AccentColor;
				CODE_SIGN_STYLE = Automatic;
				DEVELOPMENT_TEAM = 763W4BU224;
				INFOPLIST_FILE = TTTableIndexViewDemo/Info.plist;
				LD_RUNPATH_SEARCH_PATHS = (
					"$(inherited)",
					"@executable_path/Frameworks",
				);
				PRODUCT_BUNDLE_IDENTIFIER = com.test.hq.TTTableIndexViewDemo;
				PRODUCT_NAME = "$(TARGET_NAME)";
				TARGETED_DEVICE_FAMILY = "1,2";
			};
			name = Debug;
		};
		584CEDC8254FB7AC00DE046C /* Release */ = {
			isa = XCBuildConfiguration;
			buildSettings = {
				ASSETCATALOG_COMPILER_APPICON_NAME = AppIcon;
				ASSETCATALOG_COMPILER_GLOBAL_ACCENT_COLOR_NAME = AccentColor;
				CODE_SIGN_STYLE = Automatic;
				DEVELOPMENT_TEAM = 763W4BU224;
				INFOPLIST_FILE = TTTableIndexViewDemo/Info.plist;
				LD_RUNPATH_SEARCH_PATHS = (
					"$(inherited)",
					"@executable_path/Frameworks",
				);
				PRODUCT_BUNDLE_IDENTIFIER = com.test.hq.TTTableIndexViewDemo;
				PRODUCT_NAME = "$(TARGET_NAME)";
				TARGETED_DEVICE_FAMILY = "1,2";
			};
			name = Release;
		};
		584CEDCA254FB7AC00DE046C /* Debug */ = {
			isa = XCBuildConfiguration;
			buildSettings = {
				BUNDLE_LOADER = "$(TEST_HOST)";
				CODE_SIGN_STYLE = Automatic;
				DEVELOPMENT_TEAM = 763W4BU224;
				INFOPLIST_FILE = TTTableIndexViewDemoTests/Info.plist;
				IPHONEOS_DEPLOYMENT_TARGET = 14.1;
				LD_RUNPATH_SEARCH_PATHS = (
					"$(inherited)",
					"@executable_path/Frameworks",
					"@loader_path/Frameworks",
				);
				PRODUCT_BUNDLE_IDENTIFIER = com.test.hq.TTTableIndexViewDemoTests;
				PRODUCT_NAME = "$(TARGET_NAME)";
				TARGETED_DEVICE_FAMILY = "1,2";
				TEST_HOST = "$(BUILT_PRODUCTS_DIR)/TTTableIndexViewDemo.app/TTTableIndexViewDemo";
			};
			name = Debug;
		};
		584CEDCB254FB7AC00DE046C /* Release */ = {
			isa = XCBuildConfiguration;
			buildSettings = {
				BUNDLE_LOADER = "$(TEST_HOST)";
				CODE_SIGN_STYLE = Automatic;
				DEVELOPMENT_TEAM = 763W4BU224;
				INFOPLIST_FILE = TTTableIndexViewDemoTests/Info.plist;
				IPHONEOS_DEPLOYMENT_TARGET = 14.1;
				LD_RUNPATH_SEARCH_PATHS = (
					"$(inherited)",
					"@executable_path/Frameworks",
					"@loader_path/Frameworks",
				);
				PRODUCT_BUNDLE_IDENTIFIER = com.test.hq.TTTableIndexViewDemoTests;
				PRODUCT_NAME = "$(TARGET_NAME)";
				TARGETED_DEVICE_FAMILY = "1,2";
				TEST_HOST = "$(BUILT_PRODUCTS_DIR)/TTTableIndexViewDemo.app/TTTableIndexViewDemo";
			};
			name = Release;
		};
		584CEDCD254FB7AC00DE046C /* Debug */ = {
			isa = XCBuildConfiguration;
			buildSettings = {
				CODE_SIGN_STYLE = Automatic;
				DEVELOPMENT_TEAM = 763W4BU224;
				INFOPLIST_FILE = TTTableIndexViewDemoUITests/Info.plist;
				LD_RUNPATH_SEARCH_PATHS = (
					"$(inherited)",
					"@executable_path/Frameworks",
					"@loader_path/Frameworks",
				);
				PRODUCT_BUNDLE_IDENTIFIER = com.test.hq.TTTableIndexViewDemoUITests;
				PRODUCT_NAME = "$(TARGET_NAME)";
				TARGETED_DEVICE_FAMILY = "1,2";
				TEST_TARGET_NAME = TTTableIndexViewDemo;
			};
			name = Debug;
		};
		584CEDCE254FB7AC00DE046C /* Release */ = {
			isa = XCBuildConfiguration;
			buildSettings = {
				CODE_SIGN_STYLE = Automatic;
				DEVELOPMENT_TEAM = 763W4BU224;
				INFOPLIST_FILE = TTTableIndexViewDemoUITests/Info.plist;
				LD_RUNPATH_SEARCH_PATHS = (
					"$(inherited)",
					"@executable_path/Frameworks",
					"@loader_path/Frameworks",
				);
				PRODUCT_BUNDLE_IDENTIFIER = com.test.hq.TTTableIndexViewDemoUITests;
				PRODUCT_NAME = "$(TARGET_NAME)";
				TARGETED_DEVICE_FAMILY = "1,2";
				TEST_TARGET_NAME = TTTableIndexViewDemo;
			};
			name = Release;
		};
/* End XCBuildConfiguration section */

/* Begin XCConfigurationList section */
		584CED92254FB7AA00DE046C /* Build configuration list for PBXProject "TTTableIndexViewDemo" */ = {
			isa = XCConfigurationList;
			buildConfigurations = (
				584CEDC4254FB7AC00DE046C /* Debug */,
				584CEDC5254FB7AC00DE046C /* Release */,
			);
			defaultConfigurationIsVisible = 0;
			defaultConfigurationName = Release;
		};
		584CEDC6254FB7AC00DE046C /* Build configuration list for PBXNativeTarget "TTTableIndexViewDemo" */ = {
			isa = XCConfigurationList;
			buildConfigurations = (
				584CEDC7254FB7AC00DE046C /* Debug */,
				584CEDC8254FB7AC00DE046C /* Release */,
			);
			defaultConfigurationIsVisible = 0;
			defaultConfigurationName = Release;
		};
		584CEDC9254FB7AC00DE046C /* Build configuration list for PBXNativeTarget "TTTableIndexViewDemoTests" */ = {
			isa = XCConfigurationList;
			buildConfigurations = (
				584CEDCA254FB7AC00DE046C /* Debug */,
				584CEDCB254FB7AC00DE046C /* Release */,
			);
			defaultConfigurationIsVisible = 0;
			defaultConfigurationName = Release;
		};
		584CEDCC254FB7AC00DE046C /* Build configuration list for PBXNativeTarget "TTTableIndexViewDemoUITests" */ = {
			isa = XCConfigurationList;
			buildConfigurations = (
				584CEDCD254FB7AC00DE046C /* Debug */,
				584CEDCE254FB7AC00DE046C /* Release */,
			);
			defaultConfigurationIsVisible = 0;
			defaultConfigurationName = Release;
		};
/* End XCConfigurationList section */
	};
	rootObject = 584CED8F254FB7AA00DE046C /* Project object */;
}
